// !$*UTF8*$!
{
	archiveVersion = 1;
	classes = {
	};
	objectVersion = 46;
	objects = {

/* Begin PBXBuildFile section */
		B9FADF2721BF872F00ED69FA /* AppDelegate.swift in Sources */ = {isa = PBXBuildFile; fileRef = B9FADF2621BF872F00ED69FA /* AppDelegate.swift */; };
		B9FADF2921BF872F00ED69FA /* ViewController.swift in Sources */ = {isa = PBXBuildFile; fileRef = B9FADF2821BF872F00ED69FA /* ViewController.swift */; };
		B9FADF2C21BF873000ED69FA /* Main.storyboard in Resources */ = {isa = PBXBuildFile; fileRef = B9FADF2A21BF873000ED69FA /* Main.storyboard */; };
		B9FADF2F21BF873000ED69FA /* json.xcdatamodeld in Sources */ = {isa = PBXBuildFile; fileRef = B9FADF2D21BF873000ED69FA /* json.xcdatamodeld */; };
		B9FADF3121BF873000ED69FA /* Assets.xcassets in Resources */ = {isa = PBXBuildFile; fileRef = B9FADF3021BF873000ED69FA /* Assets.xcassets */; };
		B9FADF3421BF873000ED69FA /* LaunchScreen.storyboard in Resources */ = {isa = PBXBuildFile; fileRef = B9FADF3221BF873000ED69FA /* LaunchScreen.storyboard */; };
/* End PBXBuildFile section */

/* Begin PBXFileReference section */
		B9FADF2321BF872F00ED69FA /* json.app */ = {isa = PBXFileReference; explicitFileType = wrapper.application; includeInIndex = 0; path = json.app; sourceTree = BUILT_PRODUCTS_DIR; };
		B9FADF2621BF872F00ED69FA /* AppDelegate.swift */ = {isa = PBXFileReference; lastKnownFileType = sourcecode.swift; path = AppDelegate.swift; sourceTree = "<group>"; };
		B9FADF2821BF872F00ED69FA /* ViewController.swift */ = {isa = PBXFileReference; lastKnownFileType = sourcecode.swift; path = ViewController.swift; sourceTree = "<group>"; };
		B9FADF2B21BF873000ED69FA /* Base */ = {isa = PBXFileReference; lastKnownFileType = file.storyboard; name = Base; path = Base.lproj/Main.storyboard; sourceTree = "<group>"; };
		B9FADF2E21BF873000ED69FA /* json.xcdatamodel */ = {isa = PBXFileReference; lastKnownFileType = wrapper.xcdatamodel; path = json.xcdatamodel; sourceTree = "<group>"; };
		B9FADF3021BF873000ED69FA /* Assets.xcassets */ = {isa = PBXFileReference; lastKnownFileType = folder.assetcatalog; path = Assets.xcassets; sourceTree = "<group>"; };
		B9FADF3321BF873000ED69FA /* Base */ = {isa = PBXFileReference; lastKnownFileType = file.storyboard; name = Base; path = Base.lproj/LaunchScreen.storyboard; sourceTree = "<group>"; };
		B9FADF3521BF873000ED69FA /* Info.plist */ = {isa = PBXFileReference; lastKnownFileType = text.plist.xml; path = Info.plist; sourceTree = "<group>"; };
/* End PBXFileReference section */

/* Begin PBXFrameworksBuildPhase section */
		B9FADF2021BF872F00ED69FA /* Frameworks */ = {
			isa = PBXFrameworksBuildPhase;
			buildActionMask = 2147483647;
			files = (
			);
			runOnlyForDeploymentPostprocessing = 0;
		};
/* End PBXFrameworksBuildPhase section */

/* Begin PBXGroup section */
		B9FADF1A21BF872F00ED69FA = {
			isa = PBXGroup;
			children = (
				B9FADF2521BF872F00ED69FA /* json */,
				B9FADF2421BF872F00ED69FA /* Products */,
			);
			sourceTree = "<group>";
		};
		B9FADF2421BF872F00ED69FA /* Products */ = {
			isa = PBXGroup;
			children = (
				B9FADF2321BF872F00ED69FA /* json.app */,
			);
			name = Products;
			sourceTree = "<group>";
		};
		B9FADF2521BF872F00ED69FA /* json */ = {
			isa = PBXGroup;
			children = (
				B9FADF2621BF872F00ED69FA /* AppDelegate.swift */,
				B9FADF2821BF872F00ED69FA /* ViewController.swift */,
				B9FADF2A21BF873000ED69FA /* Main.storyboard */,
				B9FADF3021BF873000ED69FA /* Assets.xcassets */,
				B9FADF3221BF873000ED69FA /* LaunchScreen.storyboard */,
				B9FADF3521BF873000ED69FA /* Info.plist */,
				B9FADF2D21BF873000ED69FA /* json.xcdatamodeld */,
			);
			path = json;
			sourceTree = "<group>";
		};
/* End PBXGroup section */

/* Begin PBXNativeTarget section */
		B9FADF2221BF872F00ED69FA /* json */ = {
			isa = PBXNativeTarget;
			buildConfigurationList = B9FADF3821BF873000ED69FA /* Build configuration list for PBXNativeTarget "json" */;
			buildPhases = (
				B9FADF1F21BF872F00ED69FA /* Sources */,
				B9FADF2021BF872F00ED69FA /* Frameworks */,
				B9FADF2121BF872F00ED69FA /* Resources */,
			);
			buildRules = (
			);
			dependencies = (
			);
			name = json;
			productName = json;
			productReference = B9FADF2321BF872F00ED69FA /* json.app */;
			productType = "com.apple.product-type.application";
		};
/* End PBXNativeTarget section */

/* Begin PBXProject section */
		B9FADF1B21BF872F00ED69FA /* Project object */ = {
			isa = PBXProject;
			attributes = {
				LastSwiftUpdateCheck = 0800;
				LastUpgradeCheck = 0800;
				ORGANIZATIONNAME = "Yuj-admin-mac02";
				TargetAttributes = {
					B9FADF2221BF872F00ED69FA = {
						CreatedOnToolsVersion = 8.0;
						ProvisioningStyle = Automatic;
					};
				};
			};
			buildConfigurationList = B9FADF1E21BF872F00ED69FA /* Build configuration list for PBXProject "json" */;
			compatibilityVersion = "Xcode 3.2";
			developmentRegion = English;
			hasScannedForEncodings = 0;
			knownRegions = (
				en,
				Base,
			);
			mainGroup = B9FADF1A21BF872F00ED69FA;
			productRefGroup = B9FADF2421BF872F00ED69FA /* Products */;
			projectDirPath = "";
			projectRoot = "";
			targets = (
				B9FADF2221BF872F00ED69FA /* json */,
			);
		};
/* End PBXProject section */

/* Begin PBXResourcesBuildPhase section */
		B9FADF2121BF872F00ED69FA /* Resources */ = {
			isa = PBXResourcesBuildPhase;
			buildActionMask = 2147483647;
			files = (
				B9FADF3421BF873000ED69FA /* LaunchScreen.storyboard in Resources */,
				B9FADF3121BF873000ED69FA /* Assets.xcassets in Resources */,
				B9FADF2C21BF873000ED69FA /* Main.storyboard in Resources */,
			);
			runOnlyForDeploymentPostprocessing = 0;
		};
/* End PBXResourcesBuildPhase section */

/* Begin PBXSourcesBuildPhase section */
		B9FADF1F21BF872F00ED69FA /* Sources */ = {
			isa = PBXSourcesBuildPhase;
			buildActionMask = 2147483647;
			files = (
				B9FADF2921BF872F00ED69FA /* ViewController.swift in Sources */,
				B9FADF2F21BF873000ED69FA /* json.xcdatamodeld in Sources */,
				B9FADF2721BF872F00ED69FA /* AppDelegate.swift in Sources */,
			);
			runOnlyForDeploymentPostprocessing = 0;
		};
/* End PBXSourcesBuildPhase section */

/* Begin PBXVariantGroup section */
		B9FADF2A21BF873000ED69FA /* Main.storyboard */ = {
			isa = PBXVariantGroup;
			children = (
				B9FADF2B21BF873000ED69FA /* Base */,
			);
			name = Main.storyboard;
			sourceTree = "<group>";
		};
		B9FADF3221BF873000ED69FA /* LaunchScreen.storyboard */ = {
			isa = PBXVariantGroup;
			children = (
				B9FADF3321BF873000ED69FA /* Base */,
			);
			name = LaunchScreen.storyboard;
			sourceTree = "<group>";
		};
/* End PBXVariantGroup section */

/* Begin XCBuildConfiguration section */
		B9FADF3621BF873000ED69FA /* Debug */ = {
			isa = XCBuildConfiguration;
			buildSettings = {
				ALWAYS_SEARCH_USER_PATHS = NO;
				CLANG_ANALYZER_NONNULL = YES;
				CLANG_CXX_LANGUAGE_STANDARD = "gnu++0x";
				CLANG_CXX_LIBRARY = "libc++";
				CLANG_ENABLE_MODULES = YES;
				CLANG_ENABLE_OBJC_ARC = YES;
				CLANG_WARN_BOOL_CONVERSION = YES;
				CLANG_WARN_CONSTANT_CONVERSION = YES;
				CLANG_WARN_DIRECT_OBJC_ISA_USAGE = YES_ERROR;
				CLANG_WARN_DOCUMENTATION_COMMENTS = YES;
				CLANG_WARN_EMPTY_BODY = YES;
				CLANG_WARN_ENUM_CONVERSION = YES;
				CLANG_WARN_INFINITE_RECURSION = YES;
				CLANG_WARN_INT_CONVERSION = YES;
				CLANG_WARN_OBJC_ROOT_CLASS = YES_ERROR;
				CLANG_WARN_SUSPICIOUS_MOVES = YES;
				CLANG_WARN_UNREACHABLE_CODE = YES;
				CLANG_WARN__DUPLICATE_METHOD_MATCH = YES;
				"CODE_SIGN_IDENTITY[sdk=iphoneos*]" = "iPhone Developer";
				COPY_PHASE_STRIP = NO;
				DEBUG_INFORMATION_FORMAT = dwarf;
				ENABLE_STRICT_OBJC_MSGSEND = YES;
				ENABLE_TESTABILITY = YES;
				GCC_C_LANGUAGE_STANDARD = gnu99;
				GCC_DYNAMIC_NO_PIC = NO;
				GCC_NO_COMMON_BLOCKS = YES;
				GCC_OPTIMIZATION_LEVEL = 0;
				GCC_PREPROCESSOR_DEFINITIONS = (
					"DEBUG=1",
					"$(inherited)",
				);
				GCC_WARN_64_TO_32_BIT_CONVERSION = YES;
				GCC_WARN_ABOUT_RETURN_TYPE = YES_ERROR;
				GCC_WARN_UNDECLARED_SELECTOR = YES;
				GCC_WARN_UNINITIALIZED_AUTOS = YES_AGGRESSIVE;
				GCC_WARN_UNUSED_FUNCTION = YES;
				GCC_WARN_UNUSED_VARIABLE = YES;
				IPHONEOS_DEPLOYMENT_TARGET = 10.0;
				MTL_ENABLE_DEBUG_INFO = YES;
				ONLY_ACTIVE_ARCH = YES;
				SDKROOT = iphoneos;
				SWIFT_ACTIVE_COMPILATION_CONDITIONS = DEBUG;
				SWIFT_OPTIMIZATION_LEVEL = "-Onone";
				TARGETED_DEVICE_FAMILY = "1,2";
			};
			name = Debug;
		};
		B9FADF3721BF873000ED69FA /* Release */ = {
			isa = XCBuildConfiguration;
			buildSettings = {
				ALWAYS_SEARCH_USER_PATHS = NO;
				CLANG_ANALYZER_NONNULL = YES;
				CLANG_CXX_LANGUAGE_STANDARD = "gnu++0x";
				CLANG_CXX_LIBRARY = "libc++";
				CLANG_ENABLE_MODULES = YES;
				CLANG_ENABLE_OBJC_ARC = YES;
				CLANG_WARN_BOOL_CONVERSION = YES;
				CLANG_WARN_CONSTANT_CONVERSION = YES;
				CLANG_WARN_DIRECT_OBJC_ISA_USAGE = YES_ERROR;
				CLANG_WARN_DOCUMENTATION_COMMENTS = YES;
				CLANG_WARN_EMPTY_BODY = YES;
				CLANG_WARN_ENUM_CONVERSION = YES;
				CLANG_WARN_INFINITE_RECURSION = YES;
				CLANG_WARN_INT_CONVERSION = YES;
				CLANG_WARN_OBJC_ROOT_CLASS = YES_ERROR;
				CLANG_WARN_SUSPICIOUS_MOVES = YES;
				CLANG_WARN_UNREACHABLE_CODE = YES;
				CLANG_WARN__DUPLICATE_METHOD_MATCH = YES;
				"CODE_SIGN_IDENTITY[sdk=iphoneos*]" = "iPhone Developer";
				COPY_PHASE_STRIP = NO;
				DEBUG_INFORMATION_FORMAT = "dwarf-with-dsym";
				ENABLE_NS_ASSERTIONS = NO;
				ENABLE_STRICT_OBJC_MSGSEND = YES;
				GCC_C_LANGUAGE_STANDARD = gnu99;
				GCC_NO_COMMON_BLOCKS = YES;
				GCC_WARN_64_TO_32_BIT_CONVERSION = YES;
				GCC_WARN_ABOUT_RETURN_TYPE = YES_ERROR;
				GCC_WARN_UNDECLARED_SELECTOR = YES;
				GCC_WARN_UNINITIALIZED_AUTOS = YES_AGGRESSIVE;
				GCC_WARN_UNUSED_FUNCTION = YES;
				GCC_WARN_UNUSED_VARIABLE = YES;
				IPHONEOS_DEPLOYMENT_TARGET = 10.0;
				MTL_ENABLE_DEBUG_INFO = NO;
				SDKROOT = iphoneos;
				SWIFT_OPTIMIZATION_LEVEL = "-Owholemodule";
				TARGETED_DEVICE_FAMILY = "1,2";
				VALIDATE_PRODUCT = YES;
			};
			name = Release;
		};
		B9FADF3921BF873000ED69FA /* Debug */ = {
			isa = XCBuildConfiguration;
			buildSettings = {
				ASSETCATALOG_COMPILER_APPICON_NAME = AppIcon;
				INFOPLIST_FILE = json/Info.plist;
				LD_RUNPATH_SEARCH_PATHS = "$(inherited) @executable_path/Frameworks";
				PRODUCT_BUNDLE_IDENTIFIER = apple.json;
				PRODUCT_NAME = "$(TARGET_NAME)";
				SWIFT_VERSION = 3.0;
			};
			name = Debug;
		};
		B9FADF3A21BF873000ED69FA /* Release */ = {
			isa = XCBuildConfiguration;
			buildSettings = {
				ASSETCATALOG_COMPILER_APPICON_NAME = AppIcon;
				INFOPLIST_FILE = json/Info.plist;
				LD_RUNPATH_SEARCH_PATHS = "$(inherited) @executable_path/Frameworks";
				PRODUCT_BUNDLE_IDENTIFIER = apple.json;
				PRODUCT_NAME = "$(TARGET_NAME)";
				SWIFT_VERSION = 3.0;
			};
			name = Release;
		};
/* End XCBuildConfiguration section */

/* Begin XCConfigurationList section */
		B9FADF1E21BF872F00ED69FA /* Build configuration list for PBXProject "json" */ = {
			isa = XCConfigurationList;
			buildConfigurations = (
				B9FADF3621BF873000ED69FA /* Debug */,
				B9FADF3721BF873000ED69FA /* Release */,
			);
			defaultConfigurationIsVisible = 0;
			defaultConfigurationName = Release;
		};
		B9FADF3821BF873000ED69FA /* Build configuration list for PBXNativeTarget "json" */ = {
			isa = XCConfigurationList;
			buildConfigurations = (
				B9FADF3921BF873000ED69FA /* Debug */,
				B9FADF3A21BF873000ED69FA /* Release */,
			);
			defaultConfigurationIsVisible = 0;
		};
/* End XCConfigurationList section */

/* Begin XCVersionGroup section */
		B9FADF2D21BF873000ED69FA /* json.xcdatamodeld */ = {
			isa = XCVersionGroup;
			children = (
				B9FADF2E21BF873000ED69FA /* json.xcdatamodel */,
			);
			currentVersion = B9FADF2E21BF873000ED69FA /* json.xcdatamodel */;
			path = json.xcdatamodeld;
			sourceTree = "<group>";
			versionGroupType = wrapper.xcdatamodel;
		};
/* End XCVersionGroup section */
	};
	rootObject = B9FADF1B21BF872F00ED69FA /* Project object */;
}
