// !$*UTF8*$!
{
	archiveVersion = 1;
	classes = {
	};
	objectVersion = 46;
	objects = {

/* Begin PBXBuildFile section */
		B93B5FDA21E76BD800A366FE /* AppDelegate.swift in Sources */ = {isa = PBXBuildFile; fileRef = B93B5FD921E76BD800A366FE /* AppDelegate.swift */; };
		B93B5FDC21E76BD800A366FE /* ViewController.swift in Sources */ = {isa = PBXBuildFile; fileRef = B93B5FDB21E76BD800A366FE /* ViewController.swift */; };
		B93B5FDF21E76BD800A366FE /* Main.storyboard in Resources */ = {isa = PBXBuildFile; fileRef = B93B5FDD21E76BD800A366FE /* Main.storyboard */; };
		B93B5FE221E76BD800A366FE /* schedule.xcdatamodeld in Sources */ = {isa = PBXBuildFile; fileRef = B93B5FE021E76BD800A366FE /* schedule.xcdatamodeld */; };
		B93B5FE421E76BD800A366FE /* Assets.xcassets in Resources */ = {isa = PBXBuildFile; fileRef = B93B5FE321E76BD800A366FE /* Assets.xcassets */; };
		B93B5FE721E76BD800A366FE /* LaunchScreen.storyboard in Resources */ = {isa = PBXBuildFile; fileRef = B93B5FE521E76BD800A366FE /* LaunchScreen.storyboard */; };
		B93B5FEF21E76C7200A366FE /* nextViewController.swift in Sources */ = {isa = PBXBuildFile; fileRef = B93B5FEE21E76C7200A366FE /* nextViewController.swift */; };
		B93B5FF121E77ACA00A366FE /* TableViewCell.swift in Sources */ = {isa = PBXBuildFile; fileRef = B93B5FF021E77ACA00A366FE /* TableViewCell.swift */; };
		B93B5FF321E7B52500A366FE /* newTableViewCell.swift in Sources */ = {isa = PBXBuildFile; fileRef = B93B5FF221E7B52500A366FE /* newTableViewCell.swift */; };
/* End PBXBuildFile section */

/* Begin PBXFileReference section */
		B93B5FD621E76BD800A366FE /* schedule.app */ = {isa = PBXFileReference; explicitFileType = wrapper.application; includeInIndex = 0; path = schedule.app; sourceTree = BUILT_PRODUCTS_DIR; };
		B93B5FD921E76BD800A366FE /* AppDelegate.swift */ = {isa = PBXFileReference; lastKnownFileType = sourcecode.swift; path = AppDelegate.swift; sourceTree = "<group>"; };
		B93B5FDB21E76BD800A366FE /* ViewController.swift */ = {isa = PBXFileReference; lastKnownFileType = sourcecode.swift; path = ViewController.swift; sourceTree = "<group>"; };
		B93B5FDE21E76BD800A366FE /* Base */ = {isa = PBXFileReference; lastKnownFileType = file.storyboard; name = Base; path = Base.lproj/Main.storyboard; sourceTree = "<group>"; };
		B93B5FE121E76BD800A366FE /* schedule.xcdatamodel */ = {isa = PBXFileReference; lastKnownFileType = wrapper.xcdatamodel; path = schedule.xcdatamodel; sourceTree = "<group>"; };
		B93B5FE321E76BD800A366FE /* Assets.xcassets */ = {isa = PBXFileReference; lastKnownFileType = folder.assetcatalog; path = Assets.xcassets; sourceTree = "<group>"; };
		B93B5FE621E76BD800A366FE /* Base */ = {isa = PBXFileReference; lastKnownFileType = file.storyboard; name = Base; path = Base.lproj/LaunchScreen.storyboard; sourceTree = "<group>"; };
		B93B5FE821E76BD800A366FE /* Info.plist */ = {isa = PBXFileReference; lastKnownFileType = text.plist.xml; path = Info.plist; sourceTree = "<group>"; };
		B93B5FEE21E76C7200A366FE /* nextViewController.swift */ = {isa = PBXFileReference; fileEncoding = 4; lastKnownFileType = sourcecode.swift; path = nextViewController.swift; sourceTree = "<group>"; };
		B93B5FF021E77ACA00A366FE /* TableViewCell.swift */ = {isa = PBXFileReference; fileEncoding = 4; lastKnownFileType = sourcecode.swift; path = TableViewCell.swift; sourceTree = "<group>"; };
		B93B5FF221E7B52500A366FE /* newTableViewCell.swift */ = {isa = PBXFileReference; fileEncoding = 4; lastKnownFileType = sourcecode.swift; path = newTableViewCell.swift; sourceTree = "<group>"; };
/* End PBXFileReference section */

/* Begin PBXFrameworksBuildPhase section */
		B93B5FD321E76BD800A366FE /* Frameworks */ = {
			isa = PBXFrameworksBuildPhase;
			buildActionMask = 2147483647;
			files = (
			);
			runOnlyForDeploymentPostprocessing = 0;
		};
/* End PBXFrameworksBuildPhase section */

/* Begin PBXGroup section */
		B93B5FCD21E76BD800A366FE = {
			isa = PBXGroup;
			children = (
				B93B5FD821E76BD800A366FE /* schedule */,
				B93B5FD721E76BD800A366FE /* Products */,
			);
			sourceTree = "<group>";
		};
		B93B5FD721E76BD800A366FE /* Products */ = {
			isa = PBXGroup;
			children = (
				B93B5FD621E76BD800A366FE /* schedule.app */,
			);
			name = Products;
			sourceTree = "<group>";
		};
		B93B5FD821E76BD800A366FE /* schedule */ = {
			isa = PBXGroup;
			children = (
				B93B5FD921E76BD800A366FE /* AppDelegate.swift */,
				B93B5FDB21E76BD800A366FE /* ViewController.swift */,
				B93B5FDD21E76BD800A366FE /* Main.storyboard */,
				B93B5FF221E7B52500A366FE /* newTableViewCell.swift */,
				B93B5FF021E77ACA00A366FE /* TableViewCell.swift */,
				B93B5FEE21E76C7200A366FE /* nextViewController.swift */,
				B93B5FE321E76BD800A366FE /* Assets.xcassets */,
				B93B5FE521E76BD800A366FE /* LaunchScreen.storyboard */,
				B93B5FE821E76BD800A366FE /* Info.plist */,
				B93B5FE021E76BD800A366FE /* schedule.xcdatamodeld */,
			);
			path = schedule;
			sourceTree = "<group>";
		};
/* End PBXGroup section */

/* Begin PBXNativeTarget section */
		B93B5FD521E76BD800A366FE /* schedule */ = {
			isa = PBXNativeTarget;
			buildConfigurationList = B93B5FEB21E76BD800A366FE /* Build configuration list for PBXNativeTarget "schedule" */;
			buildPhases = (
				B93B5FD221E76BD800A366FE /* Sources */,
				B93B5FD321E76BD800A366FE /* Frameworks */,
				B93B5FD421E76BD800A366FE /* Resources */,
			);
			buildRules = (
			);
			dependencies = (
			);
			name = schedule;
			productName = schedule;
			productReference = B93B5FD621E76BD800A366FE /* schedule.app */;
			productType = "com.apple.product-type.application";
		};
/* End PBXNativeTarget section */

/* Begin PBXProject section */
		B93B5FCE21E76BD800A366FE /* Project object */ = {
			isa = PBXProject;
			attributes = {
				LastSwiftUpdateCheck = 0800;
				LastUpgradeCheck = 0800;
				ORGANIZATIONNAME = "Yuj-admin-mac02";
				TargetAttributes = {
					B93B5FD521E76BD800A366FE = {
						CreatedOnToolsVersion = 8.0;
						ProvisioningStyle = Automatic;
					};
				};
			};
			buildConfigurationList = B93B5FD121E76BD800A366FE /* Build configuration list for PBXProject "schedule" */;
			compatibilityVersion = "Xcode 3.2";
			developmentRegion = English;
			hasScannedForEncodings = 0;
			knownRegions = (
				en,
				Base,
			);
			mainGroup = B93B5FCD21E76BD800A366FE;
			productRefGroup = B93B5FD721E76BD800A366FE /* Products */;
			projectDirPath = "";
			projectRoot = "";
			targets = (
				B93B5FD521E76BD800A366FE /* schedule */,
			);
		};
/* End PBXProject section */

/* Begin PBXResourcesBuildPhase section */
		B93B5FD421E76BD800A366FE /* Resources */ = {
			isa = PBXResourcesBuildPhase;
			buildActionMask = 2147483647;
			files = (
				B93B5FE721E76BD800A366FE /* LaunchScreen.storyboard in Resources */,
				B93B5FE421E76BD800A366FE /* Assets.xcassets in Resources */,
				B93B5FDF21E76BD800A366FE /* Main.storyboard in Resources */,
			);
			runOnlyForDeploymentPostprocessing = 0;
		};
/* End PBXResourcesBuildPhase section */

/* Begin PBXSourcesBuildPhase section */
		B93B5FD221E76BD800A366FE /* Sources */ = {
			isa = PBXSourcesBuildPhase;
			buildActionMask = 2147483647;
			files = (
				B93B5FF121E77ACA00A366FE /* TableViewCell.swift in Sources */,
				B93B5FE221E76BD800A366FE /* schedule.xcdatamodeld in Sources */,
				B93B5FEF21E76C7200A366FE /* nextViewController.swift in Sources */,
				B93B5FDC21E76BD800A366FE /* ViewController.swift in Sources */,
				B93B5FF321E7B52500A366FE /* newTableViewCell.swift in Sources */,
				B93B5FDA21E76BD800A366FE /* AppDelegate.swift in Sources */,
			);
			runOnlyForDeploymentPostprocessing = 0;
		};
/* End PBXSourcesBuildPhase section */

/* Begin PBXVariantGroup section */
		B93B5FDD21E76BD800A366FE /* Main.storyboard */ = {
			isa = PBXVariantGroup;
			children = (
				B93B5FDE21E76BD800A366FE /* Base */,
			);
			name = Main.storyboard;
			sourceTree = "<group>";
		};
		B93B5FE521E76BD800A366FE /* LaunchScreen.storyboard */ = {
			isa = PBXVariantGroup;
			children = (
				B93B5FE621E76BD800A366FE /* Base */,
			);
			name = LaunchScreen.storyboard;
			sourceTree = "<group>";
		};
/* End PBXVariantGroup section */

/* Begin XCBuildConfiguration section */
		B93B5FE921E76BD800A366FE /* Debug */ = {
			isa = XCBuildConfiguration;
			buildSettings = {
				ALWAYS_SEARCH_USER_PATHS = NO;
				CLANG_ANALYZER_NONNULL = YES;
				CLANG_CXX_LANGUAGE_STANDARD = "gnu++0x";
				CLANG_CXX_LIBRARY = "libc++";
				CLANG_ENABLE_MODULES = YES;
				CLANG_ENABLE_OBJC_ARC = YES;
				CLANG_WARN_BOOL_CONVERSION = YES;
				CLANG_WARN_CONSTANT_CONVERSION = YES;
				CLANG_WARN_DIRECT_OBJC_ISA_USAGE = YES_ERROR;
				CLANG_WARN_DOCUMENTATION_COMMENTS = YES;
				CLANG_WARN_EMPTY_BODY = YES;
				CLANG_WARN_ENUM_CONVERSION = YES;
				CLANG_WARN_INFINITE_RECURSION = YES;
				CLANG_WARN_INT_CONVERSION = YES;
				CLANG_WARN_OBJC_ROOT_CLASS = YES_ERROR;
				CLANG_WARN_SUSPICIOUS_MOVES = YES;
				CLANG_WARN_UNREACHABLE_CODE = YES;
				CLANG_WARN__DUPLICATE_METHOD_MATCH = YES;
				"CODE_SIGN_IDENTITY[sdk=iphoneos*]" = "iPhone Developer";
				COPY_PHASE_STRIP = NO;
				DEBUG_INFORMATION_FORMAT = dwarf;
				ENABLE_STRICT_OBJC_MSGSEND = YES;
				ENABLE_TESTABILITY = YES;
				GCC_C_LANGUAGE_STANDARD = gnu99;
				GCC_DYNAMIC_NO_PIC = NO;
				GCC_NO_COMMON_BLOCKS = YES;
				GCC_OPTIMIZATION_LEVEL = 0;
				GCC_PREPROCESSOR_DEFINITIONS = (
					"DEBUG=1",
					"$(inherited)",
				);
				GCC_WARN_64_TO_32_BIT_CONVERSION = YES;
				GCC_WARN_ABOUT_RETURN_TYPE = YES_ERROR;
				GCC_WARN_UNDECLARED_SELECTOR = YES;
				GCC_WARN_UNINITIALIZED_AUTOS = YES_AGGRESSIVE;
				GCC_WARN_UNUSED_FUNCTION = YES;
				GCC_WARN_UNUSED_VARIABLE = YES;
				IPHONEOS_DEPLOYMENT_TARGET = 10.0;
				MTL_ENABLE_DEBUG_INFO = YES;
				ONLY_ACTIVE_ARCH = YES;
				SDKROOT = iphoneos;
				SWIFT_ACTIVE_COMPILATION_CONDITIONS = DEBUG;
				SWIFT_OPTIMIZATION_LEVEL = "-Onone";
				TARGETED_DEVICE_FAMILY = "1,2";
			};
			name = Debug;
		};
		B93B5FEA21E76BD800A366FE /* Release */ = {
			isa = XCBuildConfiguration;
			buildSettings = {
				ALWAYS_SEARCH_USER_PATHS = NO;
				CLANG_ANALYZER_NONNULL = YES;
				CLANG_CXX_LANGUAGE_STANDARD = "gnu++0x";
				CLANG_CXX_LIBRARY = "libc++";
				CLANG_ENABLE_MODULES = YES;
				CLANG_ENABLE_OBJC_ARC = YES;
				CLANG_WARN_BOOL_CONVERSION = YES;
				CLANG_WARN_CONSTANT_CONVERSION = YES;
				CLANG_WARN_DIRECT_OBJC_ISA_USAGE = YES_ERROR;
				CLANG_WARN_DOCUMENTATION_COMMENTS = YES;
				CLANG_WARN_EMPTY_BODY = YES;
				CLANG_WARN_ENUM_CONVERSION = YES;
				CLANG_WARN_INFINITE_RECURSION = YES;
				CLANG_WARN_INT_CONVERSION = YES;
				CLANG_WARN_OBJC_ROOT_CLASS = YES_ERROR;
				CLANG_WARN_SUSPICIOUS_MOVES = YES;
				CLANG_WARN_UNREACHABLE_CODE = YES;
				CLANG_WARN__DUPLICATE_METHOD_MATCH = YES;
				"CODE_SIGN_IDENTITY[sdk=iphoneos*]" = "iPhone Developer";
				COPY_PHASE_STRIP = NO;
				DEBUG_INFORMATION_FORMAT = "dwarf-with-dsym";
				ENABLE_NS_ASSERTIONS = NO;
				ENABLE_STRICT_OBJC_MSGSEND = YES;
				GCC_C_LANGUAGE_STANDARD = gnu99;
				GCC_NO_COMMON_BLOCKS = YES;
				GCC_WARN_64_TO_32_BIT_CONVERSION = YES;
				GCC_WARN_ABOUT_RETURN_TYPE = YES_ERROR;
				GCC_WARN_UNDECLARED_SELECTOR = YES;
				GCC_WARN_UNINITIALIZED_AUTOS = YES_AGGRESSIVE;
				GCC_WARN_UNUSED_FUNCTION = YES;
				GCC_WARN_UNUSED_VARIABLE = YES;
				IPHONEOS_DEPLOYMENT_TARGET = 10.0;
				MTL_ENABLE_DEBUG_INFO = NO;
				SDKROOT = iphoneos;
				SWIFT_OPTIMIZATION_LEVEL = "-Owholemodule";
				TARGETED_DEVICE_FAMILY = "1,2";
				VALIDATE_PRODUCT = YES;
			};
			name = Release;
		};
		B93B5FEC21E76BD800A366FE /* Debug */ = {
			isa = XCBuildConfiguration;
			buildSettings = {
				ASSETCATALOG_COMPILER_APPICON_NAME = AppIcon;
				INFOPLIST_FILE = schedule/Info.plist;
				LD_RUNPATH_SEARCH_PATHS = "$(inherited) @executable_path/Frameworks";
				PRODUCT_BUNDLE_IDENTIFIER = apple.schedule;
				PRODUCT_NAME = "$(TARGET_NAME)";
				SWIFT_VERSION = 3.0;
			};
			name = Debug;
		};
		B93B5FED21E76BD800A366FE /* Release */ = {
			isa = XCBuildConfiguration;
			buildSettings = {
				ASSETCATALOG_COMPILER_APPICON_NAME = AppIcon;
				INFOPLIST_FILE = schedule/Info.plist;
				LD_RUNPATH_SEARCH_PATHS = "$(inherited) @executable_path/Frameworks";
				PRODUCT_BUNDLE_IDENTIFIER = apple.schedule;
				PRODUCT_NAME = "$(TARGET_NAME)";
				SWIFT_VERSION = 3.0;
			};
			name = Release;
		};
/* End XCBuildConfiguration section */

/* Begin XCConfigurationList section */
		B93B5FD121E76BD800A366FE /* Build configuration list for PBXProject "schedule" */ = {
			isa = XCConfigurationList;
			buildConfigurations = (
				B93B5FE921E76BD800A366FE /* Debug */,
				B93B5FEA21E76BD800A366FE /* Release */,
			);
			defaultConfigurationIsVisible = 0;
			defaultConfigurationName = Release;
		};
		B93B5FEB21E76BD800A366FE /* Build configuration list for PBXNativeTarget "schedule" */ = {
			isa = XCConfigurationList;
			buildConfigurations = (
				B93B5FEC21E76BD800A366FE /* Debug */,
				B93B5FED21E76BD800A366FE /* Release */,
			);
			defaultConfigurationIsVisible = 0;
		};
/* End XCConfigurationList section */

/* Begin XCVersionGroup section */
		B93B5FE021E76BD800A366FE /* schedule.xcdatamodeld */ = {
			isa = XCVersionGroup;
			children = (
				B93B5FE121E76BD800A366FE /* schedule.xcdatamodel */,
			);
			currentVersion = B93B5FE121E76BD800A366FE /* schedule.xcdatamodel */;
			path = schedule.xcdatamodeld;
			sourceTree = "<group>";
			versionGroupType = wrapper.xcdatamodel;
		};
/* End XCVersionGroup section */
	};
	rootObject = B93B5FCE21E76BD800A366FE /* Project object */;
}
