// !$*UTF8*$!
{
	archiveVersion = 1;
	classes = {
	};
	objectVersion = 46;
	objects = {

/* Begin PBXBuildFile section */
		B976EBA321F6EF63003383B5 /* AppDelegate.swift in Sources */ = {isa = PBXBuildFile; fileRef = B976EBA221F6EF63003383B5 /* AppDelegate.swift */; };
		B976EBA521F6EF63003383B5 /* ViewController.swift in Sources */ = {isa = PBXBuildFile; fileRef = B976EBA421F6EF63003383B5 /* ViewController.swift */; };
		B976EBA821F6EF63003383B5 /* Main.storyboard in Resources */ = {isa = PBXBuildFile; fileRef = B976EBA621F6EF63003383B5 /* Main.storyboard */; };
		B976EBAB21F6EF63003383B5 /* JSON1.xcdatamodeld in Sources */ = {isa = PBXBuildFile; fileRef = B976EBA921F6EF63003383B5 /* JSON1.xcdatamodeld */; };
		B976EBAD21F6EF63003383B5 /* Assets.xcassets in Resources */ = {isa = PBXBuildFile; fileRef = B976EBAC21F6EF63003383B5 /* Assets.xcassets */; };
		B976EBB021F6EF63003383B5 /* LaunchScreen.storyboard in Resources */ = {isa = PBXBuildFile; fileRef = B976EBAE21F6EF63003383B5 /* LaunchScreen.storyboard */; };
/* End PBXBuildFile section */

/* Begin PBXFileReference section */
		B976EB9F21F6EF63003383B5 /* JSON1.app */ = {isa = PBXFileReference; explicitFileType = wrapper.application; includeInIndex = 0; path = JSON1.app; sourceTree = BUILT_PRODUCTS_DIR; };
		B976EBA221F6EF63003383B5 /* AppDelegate.swift */ = {isa = PBXFileReference; lastKnownFileType = sourcecode.swift; path = AppDelegate.swift; sourceTree = "<group>"; };
		B976EBA421F6EF63003383B5 /* ViewController.swift */ = {isa = PBXFileReference; lastKnownFileType = sourcecode.swift; path = ViewController.swift; sourceTree = "<group>"; };
		B976EBA721F6EF63003383B5 /* Base */ = {isa = PBXFileReference; lastKnownFileType = file.storyboard; name = Base; path = Base.lproj/Main.storyboard; sourceTree = "<group>"; };
		B976EBAA21F6EF63003383B5 /* JSON1.xcdatamodel */ = {isa = PBXFileReference; lastKnownFileType = wrapper.xcdatamodel; path = JSON1.xcdatamodel; sourceTree = "<group>"; };
		B976EBAC21F6EF63003383B5 /* Assets.xcassets */ = {isa = PBXFileReference; lastKnownFileType = folder.assetcatalog; path = Assets.xcassets; sourceTree = "<group>"; };
		B976EBAF21F6EF63003383B5 /* Base */ = {isa = PBXFileReference; lastKnownFileType = file.storyboard; name = Base; path = Base.lproj/LaunchScreen.storyboard; sourceTree = "<group>"; };
		B976EBB121F6EF63003383B5 /* Info.plist */ = {isa = PBXFileReference; lastKnownFileType = text.plist.xml; path = Info.plist; sourceTree = "<group>"; };
/* End PBXFileReference section */

/* Begin PBXFrameworksBuildPhase section */
		B976EB9C21F6EF63003383B5 /* Frameworks */ = {
			isa = PBXFrameworksBuildPhase;
			buildActionMask = 2147483647;
			files = (
			);
			runOnlyForDeploymentPostprocessing = 0;
		};
/* End PBXFrameworksBuildPhase section */

/* Begin PBXGroup section */
		B976EB9621F6EF63003383B5 = {
			isa = PBXGroup;
			children = (
				B976EBA121F6EF63003383B5 /* JSON1 */,
				B976EBA021F6EF63003383B5 /* Products */,
			);
			sourceTree = "<group>";
		};
		B976EBA021F6EF63003383B5 /* Products */ = {
			isa = PBXGroup;
			children = (
				B976EB9F21F6EF63003383B5 /* JSON1.app */,
			);
			name = Products;
			sourceTree = "<group>";
		};
		B976EBA121F6EF63003383B5 /* JSON1 */ = {
			isa = PBXGroup;
			children = (
				B976EBA221F6EF63003383B5 /* AppDelegate.swift */,
				B976EBA421F6EF63003383B5 /* ViewController.swift */,
				B976EBA621F6EF63003383B5 /* Main.storyboard */,
				B976EBAC21F6EF63003383B5 /* Assets.xcassets */,
				B976EBAE21F6EF63003383B5 /* LaunchScreen.storyboard */,
				B976EBB121F6EF63003383B5 /* Info.plist */,
				B976EBA921F6EF63003383B5 /* JSON1.xcdatamodeld */,
			);
			path = JSON1;
			sourceTree = "<group>";
		};
/* End PBXGroup section */

/* Begin PBXNativeTarget section */
		B976EB9E21F6EF63003383B5 /* JSON1 */ = {
			isa = PBXNativeTarget;
			buildConfigurationList = B976EBB421F6EF63003383B5 /* Build configuration list for PBXNativeTarget "JSON1" */;
			buildPhases = (
				B976EB9B21F6EF63003383B5 /* Sources */,
				B976EB9C21F6EF63003383B5 /* Frameworks */,
				B976EB9D21F6EF63003383B5 /* Resources */,
			);
			buildRules = (
			);
			dependencies = (
			);
			name = JSON1;
			productName = JSON1;
			productReference = B976EB9F21F6EF63003383B5 /* JSON1.app */;
			productType = "com.apple.product-type.application";
		};
/* End PBXNativeTarget section */

/* Begin PBXProject section */
		B976EB9721F6EF63003383B5 /* Project object */ = {
			isa = PBXProject;
			attributes = {
				LastSwiftUpdateCheck = 0800;
				LastUpgradeCheck = 0800;
				ORGANIZATIONNAME = "Yuj-admin-mac02";
				TargetAttributes = {
					B976EB9E21F6EF63003383B5 = {
						CreatedOnToolsVersion = 8.0;
						ProvisioningStyle = Automatic;
					};
				};
			};
			buildConfigurationList = B976EB9A21F6EF63003383B5 /* Build configuration list for PBXProject "JSON1" */;
			compatibilityVersion = "Xcode 3.2";
			developmentRegion = English;
			hasScannedForEncodings = 0;
			knownRegions = (
				en,
				Base,
			);
			mainGroup = B976EB9621F6EF63003383B5;
			productRefGroup = B976EBA021F6EF63003383B5 /* Products */;
			projectDirPath = "";
			projectRoot = "";
			targets = (
				B976EB9E21F6EF63003383B5 /* JSON1 */,
			);
		};
/* End PBXProject section */

/* Begin PBXResourcesBuildPhase section */
		B976EB9D21F6EF63003383B5 /* Resources */ = {
			isa = PBXResourcesBuildPhase;
			buildActionMask = 2147483647;
			files = (
				B976EBB021F6EF63003383B5 /* LaunchScreen.storyboard in Resources */,
				B976EBAD21F6EF63003383B5 /* Assets.xcassets in Resources */,
				B976EBA821F6EF63003383B5 /* Main.storyboard in Resources */,
			);
			runOnlyForDeploymentPostprocessing = 0;
		};
/* End PBXResourcesBuildPhase section */

/* Begin PBXSourcesBuildPhase section */
		B976EB9B21F6EF63003383B5 /* Sources */ = {
			isa = PBXSourcesBuildPhase;
			buildActionMask = 2147483647;
			files = (
				B976EBA521F6EF63003383B5 /* ViewController.swift in Sources */,
				B976EBAB21F6EF63003383B5 /* JSON1.xcdatamodeld in Sources */,
				B976EBA321F6EF63003383B5 /* AppDelegate.swift in Sources */,
			);
			runOnlyForDeploymentPostprocessing = 0;
		};
/* End PBXSourcesBuildPhase section */

/* Begin PBXVariantGroup section */
		B976EBA621F6EF63003383B5 /* Main.storyboard */ = {
			isa = PBXVariantGroup;
			children = (
				B976EBA721F6EF63003383B5 /* Base */,
			);
			name = Main.storyboard;
			sourceTree = "<group>";
		};
		B976EBAE21F6EF63003383B5 /* LaunchScreen.storyboard */ = {
			isa = PBXVariantGroup;
			children = (
				B976EBAF21F6EF63003383B5 /* Base */,
			);
			name = LaunchScreen.storyboard;
			sourceTree = "<group>";
		};
/* End PBXVariantGroup section */

/* Begin XCBuildConfiguration section */
		B976EBB221F6EF63003383B5 /* Debug */ = {
			isa = XCBuildConfiguration;
			buildSettings = {
				ALWAYS_SEARCH_USER_PATHS = NO;
				CLANG_ANALYZER_NONNULL = YES;
				CLANG_CXX_LANGUAGE_STANDARD = "gnu++0x";
				CLANG_CXX_LIBRARY = "libc++";
				CLANG_ENABLE_MODULES = YES;
				CLANG_ENABLE_OBJC_ARC = YES;
				CLANG_WARN_BOOL_CONVERSION = YES;
				CLANG_WARN_CONSTANT_CONVERSION = YES;
				CLANG_WARN_DIRECT_OBJC_ISA_USAGE = YES_ERROR;
				CLANG_WARN_DOCUMENTATION_COMMENTS = YES;
				CLANG_WARN_EMPTY_BODY = YES;
				CLANG_WARN_ENUM_CONVERSION = YES;
				CLANG_WARN_INFINITE_RECURSION = YES;
				CLANG_WARN_INT_CONVERSION = YES;
				CLANG_WARN_OBJC_ROOT_CLASS = YES_ERROR;
				CLANG_WARN_SUSPICIOUS_MOVES = YES;
				CLANG_WARN_UNREACHABLE_CODE = YES;
				CLANG_WARN__DUPLICATE_METHOD_MATCH = YES;
				"CODE_SIGN_IDENTITY[sdk=iphoneos*]" = "iPhone Developer";
				COPY_PHASE_STRIP = NO;
				DEBUG_INFORMATION_FORMAT = dwarf;
				ENABLE_STRICT_OBJC_MSGSEND = YES;
				ENABLE_TESTABILITY = YES;
				GCC_C_LANGUAGE_STANDARD = gnu99;
				GCC_DYNAMIC_NO_PIC = NO;
				GCC_NO_COMMON_BLOCKS = YES;
				GCC_OPTIMIZATION_LEVEL = 0;
				GCC_PREPROCESSOR_DEFINITIONS = (
					"DEBUG=1",
					"$(inherited)",
				);
				GCC_WARN_64_TO_32_BIT_CONVERSION = YES;
				GCC_WARN_ABOUT_RETURN_TYPE = YES_ERROR;
				GCC_WARN_UNDECLARED_SELECTOR = YES;
				GCC_WARN_UNINITIALIZED_AUTOS = YES_AGGRESSIVE;
				GCC_WARN_UNUSED_FUNCTION = YES;
				GCC_WARN_UNUSED_VARIABLE = YES;
				IPHONEOS_DEPLOYMENT_TARGET = 10.0;
				MTL_ENABLE_DEBUG_INFO = YES;
				ONLY_ACTIVE_ARCH = YES;
				SDKROOT = iphoneos;
				SWIFT_ACTIVE_COMPILATION_CONDITIONS = DEBUG;
				SWIFT_OPTIMIZATION_LEVEL = "-Onone";
				TARGETED_DEVICE_FAMILY = "1,2";
			};
			name = Debug;
		};
		B976EBB321F6EF63003383B5 /* Release */ = {
			isa = XCBuildConfiguration;
			buildSettings = {
				ALWAYS_SEARCH_USER_PATHS = NO;
				CLANG_ANALYZER_NONNULL = YES;
				CLANG_CXX_LANGUAGE_STANDARD = "gnu++0x";
				CLANG_CXX_LIBRARY = "libc++";
				CLANG_ENABLE_MODULES = YES;
				CLANG_ENABLE_OBJC_ARC = YES;
				CLANG_WARN_BOOL_CONVERSION = YES;
				CLANG_WARN_CONSTANT_CONVERSION = YES;
				CLANG_WARN_DIRECT_OBJC_ISA_USAGE = YES_ERROR;
				CLANG_WARN_DOCUMENTATION_COMMENTS = YES;
				CLANG_WARN_EMPTY_BODY = YES;
				CLANG_WARN_ENUM_CONVERSION = YES;
				CLANG_WARN_INFINITE_RECURSION = YES;
				CLANG_WARN_INT_CONVERSION = YES;
				CLANG_WARN_OBJC_ROOT_CLASS = YES_ERROR;
				CLANG_WARN_SUSPICIOUS_MOVES = YES;
				CLANG_WARN_UNREACHABLE_CODE = YES;
				CLANG_WARN__DUPLICATE_METHOD_MATCH = YES;
				"CODE_SIGN_IDENTITY[sdk=iphoneos*]" = "iPhone Developer";
				COPY_PHASE_STRIP = NO;
				DEBUG_INFORMATION_FORMAT = "dwarf-with-dsym";
				ENABLE_NS_ASSERTIONS = NO;
				ENABLE_STRICT_OBJC_MSGSEND = YES;
				GCC_C_LANGUAGE_STANDARD = gnu99;
				GCC_NO_COMMON_BLOCKS = YES;
				GCC_WARN_64_TO_32_BIT_CONVERSION = YES;
				GCC_WARN_ABOUT_RETURN_TYPE = YES_ERROR;
				GCC_WARN_UNDECLARED_SELECTOR = YES;
				GCC_WARN_UNINITIALIZED_AUTOS = YES_AGGRESSIVE;
				GCC_WARN_UNUSED_FUNCTION = YES;
				GCC_WARN_UNUSED_VARIABLE = YES;
				IPHONEOS_DEPLOYMENT_TARGET = 10.0;
				MTL_ENABLE_DEBUG_INFO = NO;
				SDKROOT = iphoneos;
				SWIFT_OPTIMIZATION_LEVEL = "-Owholemodule";
				TARGETED_DEVICE_FAMILY = "1,2";
				VALIDATE_PRODUCT = YES;
			};
			name = Release;
		};
		B976EBB521F6EF63003383B5 /* Debug */ = {
			isa = XCBuildConfiguration;
			buildSettings = {
				ASSETCATALOG_COMPILER_APPICON_NAME = AppIcon;
				INFOPLIST_FILE = JSON1/Info.plist;
				LD_RUNPATH_SEARCH_PATHS = "$(inherited) @executable_path/Frameworks";
				PRODUCT_BUNDLE_IDENTIFIER = apple.JSON1;
				PRODUCT_NAME = "$(TARGET_NAME)";
				SWIFT_VERSION = 3.0;
			};
			name = Debug;
		};
		B976EBB621F6EF63003383B5 /* Release */ = {
			isa = XCBuildConfiguration;
			buildSettings = {
				ASSETCATALOG_COMPILER_APPICON_NAME = AppIcon;
				INFOPLIST_FILE = JSON1/Info.plist;
				LD_RUNPATH_SEARCH_PATHS = "$(inherited) @executable_path/Frameworks";
				PRODUCT_BUNDLE_IDENTIFIER = apple.JSON1;
				PRODUCT_NAME = "$(TARGET_NAME)";
				SWIFT_VERSION = 3.0;
			};
			name = Release;
		};
/* End XCBuildConfiguration section */

/* Begin XCConfigurationList section */
		B976EB9A21F6EF63003383B5 /* Build configuration list for PBXProject "JSON1" */ = {
			isa = XCConfigurationList;
			buildConfigurations = (
				B976EBB221F6EF63003383B5 /* Debug */,
				B976EBB321F6EF63003383B5 /* Release */,
			);
			defaultConfigurationIsVisible = 0;
			defaultConfigurationName = Release;
		};
		B976EBB421F6EF63003383B5 /* Build configuration list for PBXNativeTarget "JSON1" */ = {
			isa = XCConfigurationList;
			buildConfigurations = (
				B976EBB521F6EF63003383B5 /* Debug */,
				B976EBB621F6EF63003383B5 /* Release */,
			);
			defaultConfigurationIsVisible = 0;
		};
/* End XCConfigurationList section */

/* Begin XCVersionGroup section */
		B976EBA921F6EF63003383B5 /* JSON1.xcdatamodeld */ = {
			isa = XCVersionGroup;
			children = (
				B976EBAA21F6EF63003383B5 /* JSON1.xcdatamodel */,
			);
			currentVersion = B976EBAA21F6EF63003383B5 /* JSON1.xcdatamodel */;
			path = JSON1.xcdatamodeld;
			sourceTree = "<group>";
			versionGroupType = wrapper.xcdatamodel;
		};
/* End XCVersionGroup section */
	};
	rootObject = B976EB9721F6EF63003383B5 /* Project object */;
}
